
Microsoft Visual Studio Solution File, Format Version 12.00
# Visual Studio 15
VisualStudioVersion = 15.0.27428.1
MinimumVisualStudioVersion = 10.0.40219.1
Project("{FAE04EC0-301F-11D3-BF4B-00C04F79EFBC}") = "dot-net-Restful", "dot-net-Restful\dot-net-Restful.csproj", "{42CAA6D4-88B1-451B-9D4E-0CD3AB25AAD2}"
EndProject
Global
	GlobalSection(SolutionConfigurationPlatforms) = preSolution
		Debug|Any CPU = Debug|Any CPU
		Release|Any CPU = Release|Any CPU
	EndGlobalSection
	GlobalSection(ProjectConfigurationPlatforms) = postSolution
		{42CAA6D4-88B1-451B-9D4E-0CD3AB25AAD2}.Debug|Any CPU.ActiveCfg = Debug|Any CPU
		{42CAA6D4-88B1-451B-9D4E-0CD3AB25AAD2}.Debug|Any CPU.Build.0 = Debug|Any CPU
		{42CAA6D4-88B1-451B-9D4E-0CD3AB25AAD2}.Release|Any CPU.ActiveCfg = Release|Any CPU
		{42CAA6D4-88B1-451B-9D4E-0CD3AB25AAD2}.Release|Any CPU.Build.0 = Release|Any CPU
	EndGlobalSection
	GlobalSection(SolutionProperties) = preSolution
		HideSolutionNode = FALSE
	EndGlobalSection
	GlobalSection(ExtensibilityGlobals) = postSolution
		SolutionGuid = {676BE1CB-FAB7-4F6D-A247-379197BD2DAF}
	EndGlobalSection
EndGlobal
